
Microsoft Visual Studio Solution File, Format Version 12.00
# Visual Studio 2012
Project("{FAE04EC0-301F-11D3-BF4B-00C04F79EFBC}") = "1.SquareRootOfInteger", "1.SquareRootOfInteger\1.SquareRootOfInteger.csproj", "{600F65D4-279D-4829-A116-6FD4778494EA}"
EndProject
Project("{FAE04EC0-301F-11D3-BF4B-00C04F79EFBC}") = "2.ReadNumerInSpecificRange", "2.ReadNumerInSpecificRange\2.ReadNumerInSpecificRange.csproj", "{D7A01048-CE5B-4E7F-9583-85AACC7CAD68}"
EndProject
Project("{FAE04EC0-301F-11D3-BF4B-00C04F79EFBC}") = "3.ReadFileFull", "3.ReadFileFull\3.ReadFileFull.csproj", "{BD0E8F50-9C35-46DC-B785-40283C38A1B6}"
EndProject
Project("{FAE04EC0-301F-11D3-BF4B-00C04F79EFBC}") = "4.DownloadFile", "4.DownloadFile\4.DownloadFile.csproj", "{30DF1BFF-2B5B-490B-9A6B-ADCD7049AFE4}"
EndProject
Global
	GlobalSection(SolutionConfigurationPlatforms) = preSolution
		Debug|Any CPU = Debug|Any CPU
		Release|Any CPU = Release|Any CPU
	EndGlobalSection
	GlobalSection(ProjectConfigurationPlatforms) = postSolution
		{600F65D4-279D-4829-A116-6FD4778494EA}.Debug|Any CPU.ActiveCfg = Debug|Any CPU
		{600F65D4-279D-4829-A116-6FD4778494EA}.Debug|Any CPU.Build.0 = Debug|Any CPU
		{600F65D4-279D-4829-A116-6FD4778494EA}.Release|Any CPU.ActiveCfg = Release|Any CPU
		{600F65D4-279D-4829-A116-6FD4778494EA}.Release|Any CPU.Build.0 = Release|Any CPU
		{D7A01048-CE5B-4E7F-9583-85AACC7CAD68}.Debug|Any CPU.ActiveCfg = Debug|Any CPU
		{D7A01048-CE5B-4E7F-9583-85AACC7CAD68}.Debug|Any CPU.Build.0 = Debug|Any CPU
		{D7A01048-CE5B-4E7F-9583-85AACC7CAD68}.Release|Any CPU.ActiveCfg = Release|Any CPU
		{D7A01048-CE5B-4E7F-9583-85AACC7CAD68}.Release|Any CPU.Build.0 = Release|Any CPU
		{BD0E8F50-9C35-46DC-B785-40283C38A1B6}.Debug|Any CPU.ActiveCfg = Debug|Any CPU
		{BD0E8F50-9C35-46DC-B785-40283C38A1B6}.Debug|Any CPU.Build.0 = Debug|Any CPU
		{BD0E8F50-9C35-46DC-B785-40283C38A1B6}.Release|Any CPU.ActiveCfg = Release|Any CPU
		{BD0E8F50-9C35-46DC-B785-40283C38A1B6}.Release|Any CPU.Build.0 = Release|Any CPU
		{30DF1BFF-2B5B-490B-9A6B-ADCD7049AFE4}.Debug|Any CPU.ActiveCfg = Debug|Any CPU
		{30DF1BFF-2B5B-490B-9A6B-ADCD7049AFE4}.Debug|Any CPU.Build.0 = Debug|Any CPU
		{30DF1BFF-2B5B-490B-9A6B-ADCD7049AFE4}.Release|Any CPU.ActiveCfg = Release|Any CPU
		{30DF1BFF-2B5B-490B-9A6B-ADCD7049AFE4}.Release|Any CPU.Build.0 = Release|Any CPU
	EndGlobalSection
	GlobalSection(SolutionProperties) = preSolution
		HideSolutionNode = FALSE
	EndGlobalSection
EndGlobal
